
Microsoft Visual Studio Solution File, Format Version 12.00
# Visual Studio Version 16
VisualStudioVersion = 16.0.29905.134
MinimumVisualStudioVersion = 10.0.40219.1
Project("{FAE04EC0-301F-11D3-BF4B-00C04F79EFBC}") = "ConsoleApp6", "ConsoleApp6\ConsoleApp6.csproj", "{6B338CEE-30B3-45F2-91E9-A7706868CD30}"
EndProject
Global
	GlobalSection(SolutionConfigurationPlatforms) = preSolution
		Debug|Any CPU = Debug|Any CPU
		Release|Any CPU = Release|Any CPU
	EndGlobalSection
	GlobalSection(ProjectConfigurationPlatforms) = postSolution
		{6B338CEE-30B3-45F2-91E9-A7706868CD30}.Debug|Any CPU.ActiveCfg = Debug|Any CPU
		{6B338CEE-30B3-45F2-91E9-A7706868CD30}.Debug|Any CPU.Build.0 = Debug|Any CPU
		{6B338CEE-30B3-45F2-91E9-A7706868CD30}.Release|Any CPU.ActiveCfg = Release|Any CPU
		{6B338CEE-30B3-45F2-91E9-A7706868CD30}.Release|Any CPU.Build.0 = Release|Any CPU
	EndGlobalSection
	GlobalSection(SolutionProperties) = preSolution
		HideSolutionNode = FALSE
	EndGlobalSection
	GlobalSection(ExtensibilityGlobals) = postSolution
		SolutionGuid = {CFA0C5B1-3638-4350-AA14-DE4509DBF1E0}
	EndGlobalSection
EndGlobal
